{
  "requires": true,
  "lockfileVersion": 1,
  "dependencies": {
    "@tarekraafat/autocomplete.js": {
      "version": "10.1.3",
      "resolved": "https://registry.npmjs.org/@tarekraafat/autocomplete.js/-/autocomplete.js-10.1.3.tgz",
      "integrity": "sha512-NtFu37cUOHNGm0Dfh/VvSkzlMs+S3PAcR/pyFkg98tEDcHzEMtiPxWM0OX+4MRwEd/eLH9nkFQcXqkj8FybnIg=="
    }
  }
}
